
Microsoft Visual Studio Solution File, Format Version 12.00
# Visual Studio Version 17
VisualStudioVersion = 17.1.32421.90
MinimumVisualStudioVersion = 10.0.40219.1
Project("{9A19103F-16F7-4668-BE54-9A1E7A4F7556}") = "TesteSeplag", "TesteSeplag\TesteSeplag.csproj", "{22A333A6-5A60-4E86-881A-F9D1149CA934}"
EndProject
Project("{FAE04EC0-301F-11D3-BF4B-00C04F79EFBC}") = "API", "API\API.csproj", "{C802812E-AA41-431F-9A49-154C031AA3DF}"
EndProject
Global
	GlobalSection(SolutionConfigurationPlatforms) = preSolution
		Debug|Any CPU = Debug|Any CPU
		Release|Any CPU = Release|Any CPU
	EndGlobalSection
	GlobalSection(ProjectConfigurationPlatforms) = postSolution
		{22A333A6-5A60-4E86-881A-F9D1149CA934}.Debug|Any CPU.ActiveCfg = Debug|Any CPU
		{22A333A6-5A60-4E86-881A-F9D1149CA934}.Debug|Any CPU.Build.0 = Debug|Any CPU
		{22A333A6-5A60-4E86-881A-F9D1149CA934}.Release|Any CPU.ActiveCfg = Release|Any CPU
		{22A333A6-5A60-4E86-881A-F9D1149CA934}.Release|Any CPU.Build.0 = Release|Any CPU
		{C802812E-AA41-431F-9A49-154C031AA3DF}.Debug|Any CPU.ActiveCfg = Debug|Any CPU
		{C802812E-AA41-431F-9A49-154C031AA3DF}.Debug|Any CPU.Build.0 = Debug|Any CPU
		{C802812E-AA41-431F-9A49-154C031AA3DF}.Release|Any CPU.ActiveCfg = Release|Any CPU
		{C802812E-AA41-431F-9A49-154C031AA3DF}.Release|Any CPU.Build.0 = Release|Any CPU
	EndGlobalSection
	GlobalSection(SolutionProperties) = preSolution
		HideSolutionNode = FALSE
	EndGlobalSection
	GlobalSection(ExtensibilityGlobals) = postSolution
		SolutionGuid = {6A181A35-BA9B-411F-9165-D12A6D179D4F}
	EndGlobalSection
EndGlobal
